
Microsoft Visual Studio Solution File, Format Version 12.00
# Visual Studio Version 16
VisualStudioVersion = 16.0.30503.244
MinimumVisualStudioVersion = 10.0.40219.1
Project("{FAE04EC0-301F-11D3-BF4B-00C04F79EFBC}") = "Base", "Base\Base.csproj", "{D7D96DEE-6B4C-4828-823C-36CC3CBE8502}"
EndProject
Global
	GlobalSection(SolutionConfigurationPlatforms) = preSolution
		Debug|Any CPU = Debug|Any CPU
		Release|Any CPU = Release|Any CPU
	EndGlobalSection
	GlobalSection(ProjectConfigurationPlatforms) = postSolution
		{D7D96DEE-6B4C-4828-823C-36CC3CBE8502}.Debug|Any CPU.ActiveCfg = Debug|Any CPU
		{D7D96DEE-6B4C-4828-823C-36CC3CBE8502}.Debug|Any CPU.Build.0 = Debug|Any CPU
		{D7D96DEE-6B4C-4828-823C-36CC3CBE8502}.Release|Any CPU.ActiveCfg = Release|Any CPU
		{D7D96DEE-6B4C-4828-823C-36CC3CBE8502}.Release|Any CPU.Build.0 = Release|Any CPU
	EndGlobalSection
	GlobalSection(SolutionProperties) = preSolution
		HideSolutionNode = FALSE
	EndGlobalSection
	GlobalSection(ExtensibilityGlobals) = postSolution
		SolutionGuid = {C1240FC0-3C9A-4FCB-814A-92DCFF51E090}
	EndGlobalSection
EndGlobal
